
Microsoft Visual Studio Solution File, Format Version 12.00
# Visual Studio Version 17
VisualStudioVersion = 17.7.34003.232
MinimumVisualStudioVersion = 10.0.40219.1
Project("{FAE04EC0-301F-11D3-BF4B-00C04F79EFBC}") = "Elso", "Elso\Elso.csproj", "{4114BB14-EBC8-4ED7-B07E-1E4D8C507E48}"
EndProject
Global
	GlobalSection(SolutionConfigurationPlatforms) = preSolution
		Debug|Any CPU = Debug|Any CPU
		Release|Any CPU = Release|Any CPU
	EndGlobalSection
	GlobalSection(ProjectConfigurationPlatforms) = postSolution
		{4114BB14-EBC8-4ED7-B07E-1E4D8C507E48}.Debug|Any CPU.ActiveCfg = Debug|Any CPU
		{4114BB14-EBC8-4ED7-B07E-1E4D8C507E48}.Debug|Any CPU.Build.0 = Debug|Any CPU
		{4114BB14-EBC8-4ED7-B07E-1E4D8C507E48}.Release|Any CPU.ActiveCfg = Release|Any CPU
		{4114BB14-EBC8-4ED7-B07E-1E4D8C507E48}.Release|Any CPU.Build.0 = Release|Any CPU
	EndGlobalSection
	GlobalSection(SolutionProperties) = preSolution
		HideSolutionNode = FALSE
	EndGlobalSection
	GlobalSection(ExtensibilityGlobals) = postSolution
		SolutionGuid = {83749B16-B51C-41DF-A7E0-DFA7514E0E6D}
	EndGlobalSection
EndGlobal
